// !$*UTF8*$!
{
	archiveVersion = 1;
	classes = {
	};
	objectVersion = 50;
	objects = {

/* Begin PBXBuildFile section */
		7AB831762286AC47009FC41B /* AppDelegate.swift in Sources */ = {isa = PBXBuildFile; fileRef = 7AB831752286AC47009FC41B /* AppDelegate.swift */; };
		7AB831782286AC47009FC41B /* ViewController.swift in Sources */ = {isa = PBXBuildFile; fileRef = 7AB831772286AC47009FC41B /* ViewController.swift */; };
		7AB8317A2286AC49009FC41B /* Assets.xcassets in Resources */ = {isa = PBXBuildFile; fileRef = 7AB831792286AC49009FC41B /* Assets.xcassets */; };
		7AB8317D2286AC49009FC41B /* Main.storyboard in Resources */ = {isa = PBXBuildFile; fileRef = 7AB8317B2286AC49009FC41B /* Main.storyboard */; };
		7AB831892286BB5E009FC41B /* Mac3am-logo.png in Resources */ = {isa = PBXBuildFile; fileRef = 7AB831882286BB5E009FC41B /* Mac3am-logo.png */; };
		7AB831912287FADD009FC41B /* back.png in Resources */ = {isa = PBXBuildFile; fileRef = 7AB8318C2287FADC009FC41B /* back.png */; };
		7AB831922287FADD009FC41B /* forward.png in Resources */ = {isa = PBXBuildFile; fileRef = 7AB8318D2287FADC009FC41B /* forward.png */; };
		7AB831932287FADD009FC41B /* multimedia.png in Resources */ = {isa = PBXBuildFile; fileRef = 7AB8318E2287FADC009FC41B /* multimedia.png */; };
		7AB831942287FADD009FC41B /* back (1).png in Resources */ = {isa = PBXBuildFile; fileRef = 7AB8318F2287FADC009FC41B /* back (1).png */; };
		7AB831952287FADD009FC41B /* forward (1).png in Resources */ = {isa = PBXBuildFile; fileRef = 7AB831902287FADC009FC41B /* forward (1).png */; };
		7AB831972287FF84009FC41B /* MainWindowController.swift in Sources */ = {isa = PBXBuildFile; fileRef = 7AB831962287FF84009FC41B /* MainWindowController.swift */; };
		7AE3F69D229A772A00CF8AFC /* KakaoTalk_Photo_2019-05-26-16-25-45.png in Resources */ = {isa = PBXBuildFile; fileRef = 7AE3F69C229A772A00CF8AFC /* KakaoTalk_Photo_2019-05-26-16-25-45.png */; };
		7AE3F69F229A779000CF8AFC /* music.png in Resources */ = {isa = PBXBuildFile; fileRef = 7AE3F69E229A779000CF8AFC /* music.png */; };
		949A19E02299420500F26995 /* crotchet.png in Resources */ = {isa = PBXBuildFile; fileRef = 949A19DF2299420500F26995 /* crotchet.png */; };
		949A19E4229957F400F26995 /* forward-2.png in Resources */ = {isa = PBXBuildFile; fileRef = 949A19E1229957F300F26995 /* forward-2.png */; };
		949A19E5229957F400F26995 /* backward-3.png in Resources */ = {isa = PBXBuildFile; fileRef = 949A19E2229957F400F26995 /* backward-3.png */; };
		949A19E6229957F400F26995 /* play-2.png in Resources */ = {isa = PBXBuildFile; fileRef = 949A19E3229957F400F26995 /* play-2.png */; };
		949A19E822995A4300F26995 /* PlayViewController.swift in Sources */ = {isa = PBXBuildFile; fileRef = 949A19E722995A4300F26995 /* PlayViewController.swift */; };
		949A19EA229A53CE00F26995 /* logging-out-2355227_1280.png in Resources */ = {isa = PBXBuildFile; fileRef = 949A19E9229A53CD00F26995 /* logging-out-2355227_1280.png */; };
/* End PBXBuildFile section */

/* Begin PBXFileReference section */
		7AB831722286AC47009FC41B /* Mac3am.app */ = {isa = PBXFileReference; explicitFileType = wrapper.application; includeInIndex = 0; path = Mac3am.app; sourceTree = BUILT_PRODUCTS_DIR; };
		7AB831752286AC47009FC41B /* AppDelegate.swift */ = {isa = PBXFileReference; lastKnownFileType = sourcecode.swift; path = AppDelegate.swift; sourceTree = "<group>"; };
		7AB831772286AC47009FC41B /* ViewController.swift */ = {isa = PBXFileReference; lastKnownFileType = sourcecode.swift; path = ViewController.swift; sourceTree = "<group>"; };
		7AB831792286AC49009FC41B /* Assets.xcassets */ = {isa = PBXFileReference; lastKnownFileType = folder.assetcatalog; path = Assets.xcassets; sourceTree = "<group>"; };
		7AB8317C2286AC49009FC41B /* Base */ = {isa = PBXFileReference; lastKnownFileType = file.storyboard; name = Base; path = Base.lproj/Main.storyboard; sourceTree = "<group>"; };
		7AB8317E2286AC49009FC41B /* Info.plist */ = {isa = PBXFileReference; lastKnownFileType = text.plist.xml; path = Info.plist; sourceTree = "<group>"; };
		7AB8317F2286AC49009FC41B /* Mac3am.entitlements */ = {isa = PBXFileReference; lastKnownFileType = text.plist.entitlements; path = Mac3am.entitlements; sourceTree = "<group>"; };
		7AB831882286BB5E009FC41B /* Mac3am-logo.png */ = {isa = PBXFileReference; lastKnownFileType = image.png; path = "Mac3am-logo.png"; sourceTree = "<group>"; };
		7AB8318C2287FADC009FC41B /* back.png */ = {isa = PBXFileReference; lastKnownFileType = image.png; path = back.png; sourceTree = "<group>"; };
		7AB8318D2287FADC009FC41B /* forward.png */ = {isa = PBXFileReference; lastKnownFileType = image.png; path = forward.png; sourceTree = "<group>"; };
		7AB8318E2287FADC009FC41B /* multimedia.png */ = {isa = PBXFileReference; lastKnownFileType = image.png; path = multimedia.png; sourceTree = "<group>"; };
		7AB8318F2287FADC009FC41B /* back (1).png */ = {isa = PBXFileReference; lastKnownFileType = image.png; path = "back (1).png"; sourceTree = "<group>"; };
		7AB831902287FADC009FC41B /* forward (1).png */ = {isa = PBXFileReference; lastKnownFileType = image.png; path = "forward (1).png"; sourceTree = "<group>"; };
		7AB831962287FF84009FC41B /* MainWindowController.swift */ = {isa = PBXFileReference; lastKnownFileType = sourcecode.swift; path = MainWindowController.swift; sourceTree = "<group>"; };
		7AE3F69C229A772A00CF8AFC /* KakaoTalk_Photo_2019-05-26-16-25-45.png */ = {isa = PBXFileReference; lastKnownFileType = image.png; path = "KakaoTalk_Photo_2019-05-26-16-25-45.png"; sourceTree = "<group>"; };
		7AE3F69E229A779000CF8AFC /* music.png */ = {isa = PBXFileReference; lastKnownFileType = image.png; path = music.png; sourceTree = "<group>"; };
		949A19DF2299420500F26995 /* crotchet.png */ = {isa = PBXFileReference; lastKnownFileType = image.png; path = crotchet.png; sourceTree = "<group>"; };
		949A19E1229957F300F26995 /* forward-2.png */ = {isa = PBXFileReference; lastKnownFileType = image.png; path = "forward-2.png"; sourceTree = "<group>"; };
		949A19E2229957F400F26995 /* backward-3.png */ = {isa = PBXFileReference; lastKnownFileType = image.png; path = "backward-3.png"; sourceTree = "<group>"; };
		949A19E3229957F400F26995 /* play-2.png */ = {isa = PBXFileReference; lastKnownFileType = image.png; path = "play-2.png"; sourceTree = "<group>"; };
		949A19E722995A4300F26995 /* PlayViewController.swift */ = {isa = PBXFileReference; lastKnownFileType = sourcecode.swift; path = PlayViewController.swift; sourceTree = "<group>"; };
		949A19E9229A53CD00F26995 /* logging-out-2355227_1280.png */ = {isa = PBXFileReference; lastKnownFileType = image.png; path = "logging-out-2355227_1280.png"; sourceTree = "<group>"; };
/* End PBXFileReference section */

/* Begin PBXFrameworksBuildPhase section */
		7AB8316F2286AC47009FC41B /* Frameworks */ = {
			isa = PBXFrameworksBuildPhase;
			buildActionMask = 2147483647;
			files = (
			);
			runOnlyForDeploymentPostprocessing = 0;
		};
/* End PBXFrameworksBuildPhase section */

/* Begin PBXGroup section */
		7AB831692286AC47009FC41B = {
			isa = PBXGroup;
			children = (
				7AB831742286AC47009FC41B /* Mac3am */,
				7AB831732286AC47009FC41B /* Products */,
			);
			sourceTree = "<group>";
		};
		7AB831732286AC47009FC41B /* Products */ = {
			isa = PBXGroup;
			children = (
				7AB831722286AC47009FC41B /* Mac3am.app */,
			);
			name = Products;
			sourceTree = "<group>";
		};
		7AB831742286AC47009FC41B /* Mac3am */ = {
			isa = PBXGroup;
			children = (
				7AB831852286BAA0009FC41B /* Source */,
				7AB831752286AC47009FC41B /* AppDelegate.swift */,
				7AB831772286AC47009FC41B /* ViewController.swift */,
				949A19E722995A4300F26995 /* PlayViewController.swift */,
				7AB831792286AC49009FC41B /* Assets.xcassets */,
				7AB8317B2286AC49009FC41B /* Main.storyboard */,
				7AB8317E2286AC49009FC41B /* Info.plist */,
				7AB8317F2286AC49009FC41B /* Mac3am.entitlements */,
				7AB831962287FF84009FC41B /* MainWindowController.swift */,
			);
			path = Mac3am;
			sourceTree = "<group>";
		};
		7AB831852286BAA0009FC41B /* Source */ = {
			isa = PBXGroup;
			children = (
				7AE3F69E229A779000CF8AFC /* music.png */,
				7AE3F69C229A772A00CF8AFC /* KakaoTalk_Photo_2019-05-26-16-25-45.png */,
				949A19E9229A53CD00F26995 /* logging-out-2355227_1280.png */,
				949A19E2229957F400F26995 /* backward-3.png */,
				949A19E1229957F300F26995 /* forward-2.png */,
				949A19E3229957F400F26995 /* play-2.png */,
				949A19DF2299420500F26995 /* crotchet.png */,
				7AB8318F2287FADC009FC41B /* back (1).png */,
				7AB8318C2287FADC009FC41B /* back.png */,
				7AB831902287FADC009FC41B /* forward (1).png */,
				7AB8318D2287FADC009FC41B /* forward.png */,
				7AB8318E2287FADC009FC41B /* multimedia.png */,
				7AB831882286BB5E009FC41B /* Mac3am-logo.png */,
			);
			path = Source;
			sourceTree = "<group>";
		};
/* End PBXGroup section */

/* Begin PBXNativeTarget section */
		7AB831712286AC47009FC41B /* Mac3am */ = {
			isa = PBXNativeTarget;
			buildConfigurationList = 7AB831822286AC49009FC41B /* Build configuration list for PBXNativeTarget "Mac3am" */;
			buildPhases = (
				7AB8316E2286AC47009FC41B /* Sources */,
				7AB8316F2286AC47009FC41B /* Frameworks */,
				7AB831702286AC47009FC41B /* Resources */,
			);
			buildRules = (
			);
			dependencies = (
			);
			name = Mac3am;
			productName = Mac3am;
			productReference = 7AB831722286AC47009FC41B /* Mac3am.app */;
			productType = "com.apple.product-type.application";
		};
/* End PBXNativeTarget section */

/* Begin PBXProject section */
		7AB8316A2286AC47009FC41B /* Project object */ = {
			isa = PBXProject;
			attributes = {
				LastSwiftUpdateCheck = 1010;
				LastUpgradeCheck = 1010;
				ORGANIZATIONNAME = Mac3am;
				TargetAttributes = {
					7AB831712286AC47009FC41B = {
						CreatedOnToolsVersion = 10.1;
					};
				};
			};
			buildConfigurationList = 7AB8316D2286AC47009FC41B /* Build configuration list for PBXProject "Mac3am" */;
			compatibilityVersion = "Xcode 9.3";
			developmentRegion = en;
			hasScannedForEncodings = 0;
			knownRegions = (
				en,
				Base,
			);
			mainGroup = 7AB831692286AC47009FC41B;
			productRefGroup = 7AB831732286AC47009FC41B /* Products */;
			projectDirPath = "";
			projectRoot = "";
			targets = (
				7AB831712286AC47009FC41B /* Mac3am */,
			);
		};
/* End PBXProject section */

/* Begin PBXResourcesBuildPhase section */
		7AB831702286AC47009FC41B /* Resources */ = {
			isa = PBXResourcesBuildPhase;
			buildActionMask = 2147483647;
			files = (
				7AB831932287FADD009FC41B /* multimedia.png in Resources */,
				7AB831942287FADD009FC41B /* back (1).png in Resources */,
				949A19E4229957F400F26995 /* forward-2.png in Resources */,
				7AB831912287FADD009FC41B /* back.png in Resources */,
				7AB8317A2286AC49009FC41B /* Assets.xcassets in Resources */,
				7AB831922287FADD009FC41B /* forward.png in Resources */,
				7AE3F69D229A772A00CF8AFC /* KakaoTalk_Photo_2019-05-26-16-25-45.png in Resources */,
				7AB8317D2286AC49009FC41B /* Main.storyboard in Resources */,
				949A19E5229957F400F26995 /* backward-3.png in Resources */,
				7AB831952287FADD009FC41B /* forward (1).png in Resources */,
				7AB831892286BB5E009FC41B /* Mac3am-logo.png in Resources */,
				949A19E6229957F400F26995 /* play-2.png in Resources */,
				949A19E02299420500F26995 /* crotchet.png in Resources */,
				949A19EA229A53CE00F26995 /* logging-out-2355227_1280.png in Resources */,
				7AE3F69F229A779000CF8AFC /* music.png in Resources */,
			);
			runOnlyForDeploymentPostprocessing = 0;
		};
/* End PBXResourcesBuildPhase section */

/* Begin PBXSourcesBuildPhase section */
		7AB8316E2286AC47009FC41B /* Sources */ = {
			isa = PBXSourcesBuildPhase;
			buildActionMask = 2147483647;
			files = (
				949A19E822995A4300F26995 /* PlayViewController.swift in Sources */,
				7AB831782286AC47009FC41B /* ViewController.swift in Sources */,
				7AB831762286AC47009FC41B /* AppDelegate.swift in Sources */,
				7AB831972287FF84009FC41B /* MainWindowController.swift in Sources */,
			);
			runOnlyForDeploymentPostprocessing = 0;
		};
/* End PBXSourcesBuildPhase section */

/* Begin PBXVariantGroup section */
		7AB8317B2286AC49009FC41B /* Main.storyboard */ = {
			isa = PBXVariantGroup;
			children = (
				7AB8317C2286AC49009FC41B /* Base */,
			);
			name = Main.storyboard;
			sourceTree = "<group>";
		};
/* End PBXVariantGroup section */

/* Begin XCBuildConfiguration section */
		7AB831802286AC49009FC41B /* Debug */ = {
			isa = XCBuildConfiguration;
			buildSettings = {
				ALWAYS_SEARCH_USER_PATHS = NO;
				CLANG_ANALYZER_NONNULL = YES;
				CLANG_ANALYZER_NUMBER_OBJECT_CONVERSION = YES_AGGRESSIVE;
				CLANG_CXX_LANGUAGE_STANDARD = "gnu++14";
				CLANG_CXX_LIBRARY = "libc++";
				CLANG_ENABLE_MODULES = YES;
				CLANG_ENABLE_OBJC_ARC = YES;
				CLANG_ENABLE_OBJC_WEAK = YES;
				CLANG_WARN_BLOCK_CAPTURE_AUTORELEASING = YES;
				CLANG_WARN_BOOL_CONVERSION = YES;
				CLANG_WARN_COMMA = YES;
				CLANG_WARN_CONSTANT_CONVERSION = YES;
				CLANG_WARN_DEPRECATED_OBJC_IMPLEMENTATIONS = YES;
				CLANG_WARN_DIRECT_OBJC_ISA_USAGE = YES_ERROR;
				CLANG_WARN_DOCUMENTATION_COMMENTS = YES;
				CLANG_WARN_EMPTY_BODY = YES;
				CLANG_WARN_ENUM_CONVERSION = YES;
				CLANG_WARN_INFINITE_RECURSION = YES;
				CLANG_WARN_INT_CONVERSION = YES;
				CLANG_WARN_NON_LITERAL_NULL_CONVERSION = YES;
				CLANG_WARN_OBJC_IMPLICIT_RETAIN_SELF = YES;
				CLANG_WARN_OBJC_LITERAL_CONVERSION = YES;
				CLANG_WARN_OBJC_ROOT_CLASS = YES_ERROR;
				CLANG_WARN_RANGE_LOOP_ANALYSIS = YES;
				CLANG_WARN_STRICT_PROTOTYPES = YES;
				CLANG_WARN_SUSPICIOUS_MOVE = YES;
				CLANG_WARN_UNGUARDED_AVAILABILITY = YES_AGGRESSIVE;
				CLANG_WARN_UNREACHABLE_CODE = YES;
				CLANG_WARN__DUPLICATE_METHOD_MATCH = YES;
				CODE_SIGN_IDENTITY = "Mac Developer";
				COPY_PHASE_STRIP = NO;
				DEBUG_INFORMATION_FORMAT = dwarf;
				ENABLE_STRICT_OBJC_MSGSEND = YES;
				ENABLE_TESTABILITY = YES;
				GCC_C_LANGUAGE_STANDARD = gnu11;
				GCC_DYNAMIC_NO_PIC = NO;
				GCC_NO_COMMON_BLOCKS = YES;
				GCC_OPTIMIZATION_LEVEL = 0;
				GCC_PREPROCESSOR_DEFINITIONS = (
					"DEBUG=1",
					"$(inherited)",
				);
				GCC_WARN_64_TO_32_BIT_CONVERSION = YES;
				GCC_WARN_ABOUT_RETURN_TYPE = YES_ERROR;
				GCC_WARN_UNDECLARED_SELECTOR = YES;
				GCC_WARN_UNINITIALIZED_AUTOS = YES_AGGRESSIVE;
				GCC_WARN_UNUSED_FUNCTION = YES;
				GCC_WARN_UNUSED_VARIABLE = YES;
				MACOSX_DEPLOYMENT_TARGET = 10.14;
				MTL_ENABLE_DEBUG_INFO = INCLUDE_SOURCE;
				MTL_FAST_MATH = YES;
				ONLY_ACTIVE_ARCH = YES;
				SDKROOT = macosx;
				SWIFT_ACTIVE_COMPILATION_CONDITIONS = DEBUG;
				SWIFT_OPTIMIZATION_LEVEL = "-Onone";
			};
			name = Debug;
		};
		7AB831812286AC49009FC41B /* Release */ = {
			isa = XCBuildConfiguration;
			buildSettings = {
				ALWAYS_SEARCH_USER_PATHS = NO;
				CLANG_ANALYZER_NONNULL = YES;
				CLANG_ANALYZER_NUMBER_OBJECT_CONVERSION = YES_AGGRESSIVE;
				CLANG_CXX_LANGUAGE_STANDARD = "gnu++14";
				CLANG_CXX_LIBRARY = "libc++";
				CLANG_ENABLE_MODULES = YES;
				CLANG_ENABLE_OBJC_ARC = YES;
				CLANG_ENABLE_OBJC_WEAK = YES;
				CLANG_WARN_BLOCK_CAPTURE_AUTORELEASING = YES;
				CLANG_WARN_BOOL_CONVERSION = YES;
				CLANG_WARN_COMMA = YES;
				CLANG_WARN_CONSTANT_CONVERSION = YES;
				CLANG_WARN_DEPRECATED_OBJC_IMPLEMENTATIONS = YES;
				CLANG_WARN_DIRECT_OBJC_ISA_USAGE = YES_ERROR;
				CLANG_WARN_DOCUMENTATION_COMMENTS = YES;
				CLANG_WARN_EMPTY_BODY = YES;
				CLANG_WARN_ENUM_CONVERSION = YES;
				CLANG_WARN_INFINITE_RECURSION = YES;
				CLANG_WARN_INT_CONVERSION = YES;
				CLANG_WARN_NON_LITERAL_NULL_CONVERSION = YES;
				CLANG_WARN_OBJC_IMPLICIT_RETAIN_SELF = YES;
				CLANG_WARN_OBJC_LITERAL_CONVERSION = YES;
				CLANG_WARN_OBJC_ROOT_CLASS = YES_ERROR;
				CLANG_WARN_RANGE_LOOP_ANALYSIS = YES;
				CLANG_WARN_STRICT_PROTOTYPES = YES;
				CLANG_WARN_SUSPICIOUS_MOVE = YES;
				CLANG_WARN_UNGUARDED_AVAILABILITY = YES_AGGRESSIVE;
				CLANG_WARN_UNREACHABLE_CODE = YES;
				CLANG_WARN__DUPLICATE_METHOD_MATCH = YES;
				CODE_SIGN_IDENTITY = "Mac Developer";
				COPY_PHASE_STRIP = NO;
				DEBUG_INFORMATION_FORMAT = "dwarf-with-dsym";
				ENABLE_NS_ASSERTIONS = NO;
				ENABLE_STRICT_OBJC_MSGSEND = YES;
				GCC_C_LANGUAGE_STANDARD = gnu11;
				GCC_NO_COMMON_BLOCKS = YES;
				GCC_WARN_64_TO_32_BIT_CONVERSION = YES;
				GCC_WARN_ABOUT_RETURN_TYPE = YES_ERROR;
				GCC_WARN_UNDECLARED_SELECTOR = YES;
				GCC_WARN_UNINITIALIZED_AUTOS = YES_AGGRESSIVE;
				GCC_WARN_UNUSED_FUNCTION = YES;
				GCC_WARN_UNUSED_VARIABLE = YES;
				MACOSX_DEPLOYMENT_TARGET = 10.14;
				MTL_ENABLE_DEBUG_INFO = NO;
				MTL_FAST_MATH = YES;
				SDKROOT = macosx;
				SWIFT_COMPILATION_MODE = wholemodule;
				SWIFT_OPTIMIZATION_LEVEL = "-O";
			};
			name = Release;
		};
		7AB831832286AC49009FC41B /* Debug */ = {
			isa = XCBuildConfiguration;
			buildSettings = {
				ASSETCATALOG_COMPILER_APPICON_NAME = AppIcon;
				CODE_SIGN_ENTITLEMENTS = Mac3am/Mac3am.entitlements;
				CODE_SIGN_STYLE = Automatic;
				COMBINE_HIDPI_IMAGES = YES;
				DEVELOPMENT_TEAM = Z73D4U4HW8;
				INFOPLIST_FILE = Mac3am/Info.plist;
				LD_RUNPATH_SEARCH_PATHS = (
					"$(inherited)",
					"@executable_path/../Frameworks",
				);
				PRODUCT_BUNDLE_IDENTIFIER = Mac3am.Motion.Mac3am;
				PRODUCT_NAME = "$(TARGET_NAME)";
				SWIFT_VERSION = 4.2;
			};
			name = Debug;
		};
		7AB831842286AC49009FC41B /* Release */ = {
			isa = XCBuildConfiguration;
			buildSettings = {
				ASSETCATALOG_COMPILER_APPICON_NAME = AppIcon;
				CODE_SIGN_ENTITLEMENTS = Mac3am/Mac3am.entitlements;
				CODE_SIGN_STYLE = Automatic;
				COMBINE_HIDPI_IMAGES = YES;
				DEVELOPMENT_TEAM = Z73D4U4HW8;
				INFOPLIST_FILE = Mac3am/Info.plist;
				LD_RUNPATH_SEARCH_PATHS = (
					"$(inherited)",
					"@executable_path/../Frameworks",
				);
				PRODUCT_BUNDLE_IDENTIFIER = Mac3am.Motion.Mac3am;
				PRODUCT_NAME = "$(TARGET_NAME)";
				SWIFT_VERSION = 4.2;
			};
			name = Release;
		};
/* End XCBuildConfiguration section */

/* Begin XCConfigurationList section */
		7AB8316D2286AC47009FC41B /* Build configuration list for PBXProject "Mac3am" */ = {
			isa = XCConfigurationList;
			buildConfigurations = (
				7AB831802286AC49009FC41B /* Debug */,
				7AB831812286AC49009FC41B /* Release */,
			);
			defaultConfigurationIsVisible = 0;
			defaultConfigurationName = Release;
		};
		7AB831822286AC49009FC41B /* Build configuration list for PBXNativeTarget "Mac3am" */ = {
			isa = XCConfigurationList;
			buildConfigurations = (
				7AB831832286AC49009FC41B /* Debug */,
				7AB831842286AC49009FC41B /* Release */,
			);
			defaultConfigurationIsVisible = 0;
			defaultConfigurationName = Release;
		};
/* End XCConfigurationList section */
	};
	rootObject = 7AB8316A2286AC47009FC41B /* Project object */;
}
